
Microsoft Visual Studio Solution File, Format Version 11.00
# Visual Studio 2010
Project("{FAE04EC0-301F-11D3-BF4B-00C04F79EFBC}") = "issues-grapher", "issues-grapher\issues-grapher.csproj", "{35CB6604-2B91-4738-B0D7-12E09863BB19}"
EndProject
Global
	GlobalSection(SolutionConfigurationPlatforms) = preSolution
		Debug|Any CPU = Debug|Any CPU
		Release|Any CPU = Release|Any CPU
	EndGlobalSection
	GlobalSection(ProjectConfigurationPlatforms) = postSolution
		{35CB6604-2B91-4738-B0D7-12E09863BB19}.Debug|Any CPU.ActiveCfg = Debug|Any CPU
		{35CB6604-2B91-4738-B0D7-12E09863BB19}.Debug|Any CPU.Build.0 = Debug|Any CPU
		{35CB6604-2B91-4738-B0D7-12E09863BB19}.Release|Any CPU.ActiveCfg = Release|Any CPU
		{35CB6604-2B91-4738-B0D7-12E09863BB19}.Release|Any CPU.Build.0 = Release|Any CPU
	EndGlobalSection
	GlobalSection(SolutionProperties) = preSolution
		HideSolutionNode = FALSE
	EndGlobalSection
EndGlobal
